
Microsoft Visual Studio Solution File, Format Version 12.00
# Visual Studio Version 16
VisualStudioVersion = 16.0.29905.134
MinimumVisualStudioVersion = 10.0.40219.1
Project("{FAE04EC0-301F-11D3-BF4B-00C04F79EFBC}") = "Test 2", "Test 2\Test 2.csproj", "{01CF2AF2-D3D0-49A6-8B82-380377F2A4B5}"
EndProject
Global
	GlobalSection(SolutionConfigurationPlatforms) = preSolution
		Debug|Any CPU = Debug|Any CPU
		Release|Any CPU = Release|Any CPU
	EndGlobalSection
	GlobalSection(ProjectConfigurationPlatforms) = postSolution
		{01CF2AF2-D3D0-49A6-8B82-380377F2A4B5}.Debug|Any CPU.ActiveCfg = Debug|Any CPU
		{01CF2AF2-D3D0-49A6-8B82-380377F2A4B5}.Debug|Any CPU.Build.0 = Debug|Any CPU
		{01CF2AF2-D3D0-49A6-8B82-380377F2A4B5}.Release|Any CPU.ActiveCfg = Release|Any CPU
		{01CF2AF2-D3D0-49A6-8B82-380377F2A4B5}.Release|Any CPU.Build.0 = Release|Any CPU
	EndGlobalSection
	GlobalSection(SolutionProperties) = preSolution
		HideSolutionNode = FALSE
	EndGlobalSection
	GlobalSection(ExtensibilityGlobals) = postSolution
		SolutionGuid = {D75017BB-8A43-44C1-842F-D6FA7C7B8659}
	EndGlobalSection
EndGlobal
